// !$*UTF8*$!
{
	archiveVersion = 1;
	classes = {
	};
	objectVersion = 46;
	objects = {

/* Begin PBXBuildFile section */
		8CD98921C4C102CFD5E7E3E1 /* libPods-PleaseBaoMe.a in Frameworks */ = {isa = PBXBuildFile; fileRef = A06324C093FC5FEA5C7A33D0 /* libPods-PleaseBaoMe.a */; };
		9601E9EE1B4BBE8D003F6834 /* main.m in Sources */ = {isa = PBXBuildFile; fileRef = 9601E9ED1B4BBE8D003F6834 /* main.m */; };
		9601E9F11B4BBE8D003F6834 /* AppDelegate.m in Sources */ = {isa = PBXBuildFile; fileRef = 9601E9F01B4BBE8D003F6834 /* AppDelegate.m */; };
		9601E9F41B4BBE8D003F6834 /* ViewController.m in Sources */ = {isa = PBXBuildFile; fileRef = 9601E9F31B4BBE8D003F6834 /* ViewController.m */; };
		9601E9F71B4BBE8D003F6834 /* Main.storyboard in Resources */ = {isa = PBXBuildFile; fileRef = 9601E9F51B4BBE8D003F6834 /* Main.storyboard */; };
		9601E9F91B4BBE8D003F6834 /* Images.xcassets in Resources */ = {isa = PBXBuildFile; fileRef = 9601E9F81B4BBE8D003F6834 /* Images.xcassets */; };
		9601E9FC1B4BBE8D003F6834 /* LaunchScreen.xib in Resources */ = {isa = PBXBuildFile; fileRef = 9601E9FA1B4BBE8D003F6834 /* LaunchScreen.xib */; };
		9601EA191B4BC27D003F6834 /* PBMDemoTool.m in Sources */ = {isa = PBXBuildFile; fileRef = 9601EA181B4BC27D003F6834 /* PBMDemoTool.m */; };
		967AD8DC1B4F7B2F00726711 /* PBMHTMLBuilder.m in Sources */ = {isa = PBXBuildFile; fileRef = 967AD8D41B4F7B2F00726711 /* PBMHTMLBuilder.m */; };
		967AD8DD1B4F7B2F00726711 /* PBMHTTPConnection.m in Sources */ = {isa = PBXBuildFile; fileRef = 967AD8D61B4F7B2F00726711 /* PBMHTTPConnection.m */; };
		967AD8DE1B4F7B2F00726711 /* PBMIPTool.m in Sources */ = {isa = PBXBuildFile; fileRef = 967AD8D81B4F7B2F00726711 /* PBMIPTool.m */; };
		967AD8DF1B4F7B2F00726711 /* PBMTool.m in Sources */ = {isa = PBXBuildFile; fileRef = 967AD8DA1B4F7B2F00726711 /* PBMTool.m */; };
		967AD8E01B4F7B2F00726711 /* Web.bundle in Resources */ = {isa = PBXBuildFile; fileRef = 967AD8DB1B4F7B2F00726711 /* Web.bundle */; };
/* End PBXBuildFile section */

/* Begin PBXFileReference section */
		3F24829C05E2713482CF663C /* Pods-PleaseBaoMe.release.xcconfig */ = {isa = PBXFileReference; includeInIndex = 1; lastKnownFileType = text.xcconfig; name = "Pods-PleaseBaoMe.release.xcconfig"; path = "Pods/Target Support Files/Pods-PleaseBaoMe/Pods-PleaseBaoMe.release.xcconfig"; sourceTree = "<group>"; };
		9601E9E81B4BBE8D003F6834 /* PleaseBaoMe.app */ = {isa = PBXFileReference; explicitFileType = wrapper.application; includeInIndex = 0; path = PleaseBaoMe.app; sourceTree = BUILT_PRODUCTS_DIR; };
		9601E9EC1B4BBE8D003F6834 /* Info.plist */ = {isa = PBXFileReference; lastKnownFileType = text.plist.xml; path = Info.plist; sourceTree = "<group>"; };
		9601E9ED1B4BBE8D003F6834 /* main.m */ = {isa = PBXFileReference; lastKnownFileType = sourcecode.c.objc; path = main.m; sourceTree = "<group>"; };
		9601E9EF1B4BBE8D003F6834 /* AppDelegate.h */ = {isa = PBXFileReference; lastKnownFileType = sourcecode.c.h; path = AppDelegate.h; sourceTree = "<group>"; };
		9601E9F01B4BBE8D003F6834 /* AppDelegate.m */ = {isa = PBXFileReference; lastKnownFileType = sourcecode.c.objc; path = AppDelegate.m; sourceTree = "<group>"; };
		9601E9F21B4BBE8D003F6834 /* ViewController.h */ = {isa = PBXFileReference; lastKnownFileType = sourcecode.c.h; path = ViewController.h; sourceTree = "<group>"; };
		9601E9F31B4BBE8D003F6834 /* ViewController.m */ = {isa = PBXFileReference; lastKnownFileType = sourcecode.c.objc; path = ViewController.m; sourceTree = "<group>"; };
		9601E9F61B4BBE8D003F6834 /* Base */ = {isa = PBXFileReference; lastKnownFileType = file.storyboard; name = Base; path = Base.lproj/Main.storyboard; sourceTree = "<group>"; };
		9601E9F81B4BBE8D003F6834 /* Images.xcassets */ = {isa = PBXFileReference; lastKnownFileType = folder.assetcatalog; path = Images.xcassets; sourceTree = "<group>"; };
		9601E9FB1B4BBE8D003F6834 /* Base */ = {isa = PBXFileReference; lastKnownFileType = file.xib; name = Base; path = Base.lproj/LaunchScreen.xib; sourceTree = "<group>"; };
		9601EA171B4BC27D003F6834 /* PBMDemoTool.h */ = {isa = PBXFileReference; fileEncoding = 4; lastKnownFileType = sourcecode.c.h; path = PBMDemoTool.h; sourceTree = "<group>"; };
		9601EA181B4BC27D003F6834 /* PBMDemoTool.m */ = {isa = PBXFileReference; fileEncoding = 4; lastKnownFileType = sourcecode.c.objc; path = PBMDemoTool.m; sourceTree = "<group>"; };
		967AD8D31B4F7B2F00726711 /* PBMHTMLBuilder.h */ = {isa = PBXFileReference; fileEncoding = 4; lastKnownFileType = sourcecode.c.h; path = PBMHTMLBuilder.h; sourceTree = "<group>"; };
		967AD8D41B4F7B2F00726711 /* PBMHTMLBuilder.m */ = {isa = PBXFileReference; fileEncoding = 4; lastKnownFileType = sourcecode.c.objc; path = PBMHTMLBuilder.m; sourceTree = "<group>"; };
		967AD8D51B4F7B2F00726711 /* PBMHTTPConnection.h */ = {isa = PBXFileReference; fileEncoding = 4; lastKnownFileType = sourcecode.c.h; path = PBMHTTPConnection.h; sourceTree = "<group>"; };
		967AD8D61B4F7B2F00726711 /* PBMHTTPConnection.m */ = {isa = PBXFileReference; fileEncoding = 4; lastKnownFileType = sourcecode.c.objc; path = PBMHTTPConnection.m; sourceTree = "<group>"; };
		967AD8D71B4F7B2F00726711 /* PBMIPTool.h */ = {isa = PBXFileReference; fileEncoding = 4; lastKnownFileType = sourcecode.c.h; path = PBMIPTool.h; sourceTree = "<group>"; };
		967AD8D81B4F7B2F00726711 /* PBMIPTool.m */ = {isa = PBXFileReference; fileEncoding = 4; lastKnownFileType = sourcecode.c.objc; path = PBMIPTool.m; sourceTree = "<group>"; };
		967AD8D91B4F7B2F00726711 /* PBMTool.h */ = {isa = PBXFileReference; fileEncoding = 4; lastKnownFileType = sourcecode.c.h; path = PBMTool.h; sourceTree = "<group>"; };
		967AD8DA1B4F7B2F00726711 /* PBMTool.m */ = {isa = PBXFileReference; fileEncoding = 4; lastKnownFileType = sourcecode.c.objc; path = PBMTool.m; sourceTree = "<group>"; };
		967AD8DB1B4F7B2F00726711 /* Web.bundle */ = {isa = PBXFileReference; lastKnownFileType = "wrapper.plug-in"; path = Web.bundle; sourceTree = "<group>"; };
		9699C23513B2C39B5A552229 /* Pods-PleaseBaoMe.debug.xcconfig */ = {isa = PBXFileReference; includeInIndex = 1; lastKnownFileType = text.xcconfig; name = "Pods-PleaseBaoMe.debug.xcconfig"; path = "Pods/Target Support Files/Pods-PleaseBaoMe/Pods-PleaseBaoMe.debug.xcconfig"; sourceTree = "<group>"; };
		A06324C093FC5FEA5C7A33D0 /* libPods-PleaseBaoMe.a */ = {isa = PBXFileReference; explicitFileType = archive.ar; includeInIndex = 0; path = "libPods-PleaseBaoMe.a"; sourceTree = BUILT_PRODUCTS_DIR; };
/* End PBXFileReference section */

/* Begin PBXFrameworksBuildPhase section */
		9601E9E51B4BBE8D003F6834 /* Frameworks */ = {
			isa = PBXFrameworksBuildPhase;
			buildActionMask = 2147483647;
			files = (
				8CD98921C4C102CFD5E7E3E1 /* libPods-PleaseBaoMe.a in Frameworks */,
			);
			runOnlyForDeploymentPostprocessing = 0;
		};
/* End PBXFrameworksBuildPhase section */

/* Begin PBXGroup section */
		338EA1BBFEFAA434AB2954FC /* Pods */ = {
			isa = PBXGroup;
			children = (
				9699C23513B2C39B5A552229 /* Pods-PleaseBaoMe.debug.xcconfig */,
				3F24829C05E2713482CF663C /* Pods-PleaseBaoMe.release.xcconfig */,
			);
			name = Pods;
			sourceTree = "<group>";
		};
		9601E9DF1B4BBE8D003F6834 = {
			isa = PBXGroup;
			children = (
				9601E9EA1B4BBE8D003F6834 /* PleaseBaoMe */,
				9601E9E91B4BBE8D003F6834 /* Products */,
				338EA1BBFEFAA434AB2954FC /* Pods */,
				C8685468417191C7020AFF59 /* Frameworks */,
			);
			sourceTree = "<group>";
		};
		9601E9E91B4BBE8D003F6834 /* Products */ = {
			isa = PBXGroup;
			children = (
				9601E9E81B4BBE8D003F6834 /* PleaseBaoMe.app */,
			);
			name = Products;
			sourceTree = "<group>";
		};
		9601E9EA1B4BBE8D003F6834 /* PleaseBaoMe */ = {
			isa = PBXGroup;
			children = (
				967AD8D21B4F7B2F00726711 /* Classes */,
				9601EA161B4BC269003F6834 /* Demo */,
				9601E9EF1B4BBE8D003F6834 /* AppDelegate.h */,
				9601E9F01B4BBE8D003F6834 /* AppDelegate.m */,
				9601E9F21B4BBE8D003F6834 /* ViewController.h */,
				9601E9F31B4BBE8D003F6834 /* ViewController.m */,
				9601E9F51B4BBE8D003F6834 /* Main.storyboard */,
				9601E9F81B4BBE8D003F6834 /* Images.xcassets */,
				9601E9FA1B4BBE8D003F6834 /* LaunchScreen.xib */,
				9601E9EB1B4BBE8D003F6834 /* Supporting Files */,
			);
			path = PleaseBaoMe;
			sourceTree = "<group>";
		};
		9601E9EB1B4BBE8D003F6834 /* Supporting Files */ = {
			isa = PBXGroup;
			children = (
				9601E9EC1B4BBE8D003F6834 /* Info.plist */,
				9601E9ED1B4BBE8D003F6834 /* main.m */,
			);
			name = "Supporting Files";
			sourceTree = "<group>";
		};
		9601EA161B4BC269003F6834 /* Demo */ = {
			isa = PBXGroup;
			children = (
				9601EA171B4BC27D003F6834 /* PBMDemoTool.h */,
				9601EA181B4BC27D003F6834 /* PBMDemoTool.m */,
			);
			path = Demo;
			sourceTree = "<group>";
		};
		967AD8D21B4F7B2F00726711 /* Classes */ = {
			isa = PBXGroup;
			children = (
				967AD8D51B4F7B2F00726711 /* PBMHTTPConnection.h */,
				967AD8D61B4F7B2F00726711 /* PBMHTTPConnection.m */,
				967AD8D31B4F7B2F00726711 /* PBMHTMLBuilder.h */,
				967AD8D41B4F7B2F00726711 /* PBMHTMLBuilder.m */,
				967AD8D71B4F7B2F00726711 /* PBMIPTool.h */,
				967AD8D81B4F7B2F00726711 /* PBMIPTool.m */,
				967AD8D91B4F7B2F00726711 /* PBMTool.h */,
				967AD8DA1B4F7B2F00726711 /* PBMTool.m */,
				967AD8DB1B4F7B2F00726711 /* Web.bundle */,
			);
			path = Classes;
			sourceTree = SOURCE_ROOT;
		};
		C8685468417191C7020AFF59 /* Frameworks */ = {
			isa = PBXGroup;
			children = (
				A06324C093FC5FEA5C7A33D0 /* libPods-PleaseBaoMe.a */,
			);
			name = Frameworks;
			sourceTree = "<group>";
		};
/* End PBXGroup section */

/* Begin PBXNativeTarget section */
		9601E9E71B4BBE8D003F6834 /* PleaseBaoMe */ = {
			isa = PBXNativeTarget;
			buildConfigurationList = 9601EA0B1B4BBE8D003F6834 /* Build configuration list for PBXNativeTarget "PleaseBaoMe" */;
			buildPhases = (
				D778514F2343020ADA554A8B /* Check Pods Manifest.lock */,
				9601E9E41B4BBE8D003F6834 /* Sources */,
				9601E9E51B4BBE8D003F6834 /* Frameworks */,
				9601E9E61B4BBE8D003F6834 /* Resources */,
				744F4F9B3BB175053198F669 /* Copy Pods Resources */,
			);
			buildRules = (
			);
			dependencies = (
			);
			name = PleaseBaoMe;
			productName = PleaseBaoMe;
			productReference = 9601E9E81B4BBE8D003F6834 /* PleaseBaoMe.app */;
			productType = "com.apple.product-type.application";
		};
/* End PBXNativeTarget section */

/* Begin PBXProject section */
		9601E9E01B4BBE8D003F6834 /* Project object */ = {
			isa = PBXProject;
			attributes = {
				LastUpgradeCheck = 0640;
				ORGANIZATIONNAME = why;
				TargetAttributes = {
					9601E9E71B4BBE8D003F6834 = {
						CreatedOnToolsVersion = 6.4;
					};
				};
			};
			buildConfigurationList = 9601E9E31B4BBE8D003F6834 /* Build configuration list for PBXProject "PleaseBaoMe" */;
			compatibilityVersion = "Xcode 3.2";
			developmentRegion = English;
			hasScannedForEncodings = 0;
			knownRegions = (
				en,
				Base,
			);
			mainGroup = 9601E9DF1B4BBE8D003F6834;
			productRefGroup = 9601E9E91B4BBE8D003F6834 /* Products */;
			projectDirPath = "";
			projectRoot = "";
			targets = (
				9601E9E71B4BBE8D003F6834 /* PleaseBaoMe */,
			);
		};
/* End PBXProject section */

/* Begin PBXResourcesBuildPhase section */
		9601E9E61B4BBE8D003F6834 /* Resources */ = {
			isa = PBXResourcesBuildPhase;
			buildActionMask = 2147483647;
			files = (
				967AD8E01B4F7B2F00726711 /* Web.bundle in Resources */,
				9601E9F71B4BBE8D003F6834 /* Main.storyboard in Resources */,
				9601E9FC1B4BBE8D003F6834 /* LaunchScreen.xib in Resources */,
				9601E9F91B4BBE8D003F6834 /* Images.xcassets in Resources */,
			);
			runOnlyForDeploymentPostprocessing = 0;
		};
/* End PBXResourcesBuildPhase section */

/* Begin PBXShellScriptBuildPhase section */
		744F4F9B3BB175053198F669 /* Copy Pods Resources */ = {
			isa = PBXShellScriptBuildPhase;
			buildActionMask = 2147483647;
			files = (
			);
			inputPaths = (
			);
			name = "Copy Pods Resources";
			outputPaths = (
			);
			runOnlyForDeploymentPostprocessing = 0;
			shellPath = /bin/sh;
			shellScript = "\"${SRCROOT}/Pods/Target Support Files/Pods-PleaseBaoMe/Pods-PleaseBaoMe-resources.sh\"\n";
			showEnvVarsInLog = 0;
		};
		D778514F2343020ADA554A8B /* Check Pods Manifest.lock */ = {
			isa = PBXShellScriptBuildPhase;
			buildActionMask = 2147483647;
			files = (
			);
			inputPaths = (
			);
			name = "Check Pods Manifest.lock";
			outputPaths = (
			);
			runOnlyForDeploymentPostprocessing = 0;
			shellPath = /bin/sh;
			shellScript = "diff \"${PODS_ROOT}/../Podfile.lock\" \"${PODS_ROOT}/Manifest.lock\" > /dev/null\nif [[ $? != 0 ]] ; then\n    cat << EOM\nerror: The sandbox is not in sync with the Podfile.lock. Run 'pod install' or update your CocoaPods installation.\nEOM\n    exit 1\nfi\n";
			showEnvVarsInLog = 0;
		};
/* End PBXShellScriptBuildPhase section */

/* Begin PBXSourcesBuildPhase section */
		9601E9E41B4BBE8D003F6834 /* Sources */ = {
			isa = PBXSourcesBuildPhase;
			buildActionMask = 2147483647;
			files = (
				9601E9F41B4BBE8D003F6834 /* ViewController.m in Sources */,
				967AD8DF1B4F7B2F00726711 /* PBMTool.m in Sources */,
				967AD8DD1B4F7B2F00726711 /* PBMHTTPConnection.m in Sources */,
				9601EA191B4BC27D003F6834 /* PBMDemoTool.m in Sources */,
				9601E9F11B4BBE8D003F6834 /* AppDelegate.m in Sources */,
				9601E9EE1B4BBE8D003F6834 /* main.m in Sources */,
				967AD8DC1B4F7B2F00726711 /* PBMHTMLBuilder.m in Sources */,
				967AD8DE1B4F7B2F00726711 /* PBMIPTool.m in Sources */,
			);
			runOnlyForDeploymentPostprocessing = 0;
		};
/* End PBXSourcesBuildPhase section */

/* Begin PBXVariantGroup section */
		9601E9F51B4BBE8D003F6834 /* Main.storyboard */ = {
			isa = PBXVariantGroup;
			children = (
				9601E9F61B4BBE8D003F6834 /* Base */,
			);
			name = Main.storyboard;
			sourceTree = "<group>";
		};
		9601E9FA1B4BBE8D003F6834 /* LaunchScreen.xib */ = {
			isa = PBXVariantGroup;
			children = (
				9601E9FB1B4BBE8D003F6834 /* Base */,
			);
			name = LaunchScreen.xib;
			sourceTree = "<group>";
		};
/* End PBXVariantGroup section */

/* Begin XCBuildConfiguration section */
		9601EA091B4BBE8D003F6834 /* Debug */ = {
			isa = XCBuildConfiguration;
			buildSettings = {
				ALWAYS_SEARCH_USER_PATHS = NO;
				CLANG_CXX_LANGUAGE_STANDARD = "gnu++0x";
				CLANG_CXX_LIBRARY = "libc++";
				CLANG_ENABLE_MODULES = YES;
				CLANG_ENABLE_OBJC_ARC = YES;
				CLANG_WARN_BOOL_CONVERSION = YES;
				CLANG_WARN_CONSTANT_CONVERSION = YES;
				CLANG_WARN_DIRECT_OBJC_ISA_USAGE = YES_ERROR;
				CLANG_WARN_EMPTY_BODY = YES;
				CLANG_WARN_ENUM_CONVERSION = YES;
				CLANG_WARN_INT_CONVERSION = YES;
				CLANG_WARN_OBJC_ROOT_CLASS = YES_ERROR;
				CLANG_WARN_UNREACHABLE_CODE = YES;
				CLANG_WARN__DUPLICATE_METHOD_MATCH = YES;
				"CODE_SIGN_IDENTITY[sdk=iphoneos*]" = "iPhone Developer";
				COPY_PHASE_STRIP = NO;
				DEBUG_INFORMATION_FORMAT = "dwarf-with-dsym";
				ENABLE_STRICT_OBJC_MSGSEND = YES;
				GCC_C_LANGUAGE_STANDARD = gnu99;
				GCC_DYNAMIC_NO_PIC = NO;
				GCC_NO_COMMON_BLOCKS = YES;
				GCC_OPTIMIZATION_LEVEL = 0;
				GCC_PREPROCESSOR_DEFINITIONS = (
					"DEBUG=1",
					"$(inherited)",
				);
				GCC_SYMBOLS_PRIVATE_EXTERN = NO;
				GCC_WARN_64_TO_32_BIT_CONVERSION = YES;
				GCC_WARN_ABOUT_RETURN_TYPE = YES_ERROR;
				GCC_WARN_UNDECLARED_SELECTOR = YES;
				GCC_WARN_UNINITIALIZED_AUTOS = YES_AGGRESSIVE;
				GCC_WARN_UNUSED_FUNCTION = YES;
				GCC_WARN_UNUSED_VARIABLE = YES;
				IPHONEOS_DEPLOYMENT_TARGET = 7.0;
				MTL_ENABLE_DEBUG_INFO = YES;
				ONLY_ACTIVE_ARCH = YES;
				SDKROOT = iphoneos;
				TARGETED_DEVICE_FAMILY = "1,2";
			};
			name = Debug;
		};
		9601EA0A1B4BBE8D003F6834 /* Release */ = {
			isa = XCBuildConfiguration;
			buildSettings = {
				ALWAYS_SEARCH_USER_PATHS = NO;
				CLANG_CXX_LANGUAGE_STANDARD = "gnu++0x";
				CLANG_CXX_LIBRARY = "libc++";
				CLANG_ENABLE_MODULES = YES;
				CLANG_ENABLE_OBJC_ARC = YES;
				CLANG_WARN_BOOL_CONVERSION = YES;
				CLANG_WARN_CONSTANT_CONVERSION = YES;
				CLANG_WARN_DIRECT_OBJC_ISA_USAGE = YES_ERROR;
				CLANG_WARN_EMPTY_BODY = YES;
				CLANG_WARN_ENUM_CONVERSION = YES;
				CLANG_WARN_INT_CONVERSION = YES;
				CLANG_WARN_OBJC_ROOT_CLASS = YES_ERROR;
				CLANG_WARN_UNREACHABLE_CODE = YES;
				CLANG_WARN__DUPLICATE_METHOD_MATCH = YES;
				"CODE_SIGN_IDENTITY[sdk=iphoneos*]" = "iPhone Developer";
				COPY_PHASE_STRIP = NO;
				DEBUG_INFORMATION_FORMAT = "dwarf-with-dsym";
				ENABLE_NS_ASSERTIONS = NO;
				ENABLE_STRICT_OBJC_MSGSEND = YES;
				GCC_C_LANGUAGE_STANDARD = gnu99;
				GCC_NO_COMMON_BLOCKS = YES;
				GCC_WARN_64_TO_32_BIT_CONVERSION = YES;
				GCC_WARN_ABOUT_RETURN_TYPE = YES_ERROR;
				GCC_WARN_UNDECLARED_SELECTOR = YES;
				GCC_WARN_UNINITIALIZED_AUTOS = YES_AGGRESSIVE;
				GCC_WARN_UNUSED_FUNCTION = YES;
				GCC_WARN_UNUSED_VARIABLE = YES;
				IPHONEOS_DEPLOYMENT_TARGET = 7.0;
				MTL_ENABLE_DEBUG_INFO = NO;
				SDKROOT = iphoneos;
				TARGETED_DEVICE_FAMILY = "1,2";
				VALIDATE_PRODUCT = YES;
			};
			name = Release;
		};
		9601EA0C1B4BBE8D003F6834 /* Debug */ = {
			isa = XCBuildConfiguration;
			baseConfigurationReference = 9699C23513B2C39B5A552229 /* Pods-PleaseBaoMe.debug.xcconfig */;
			buildSettings = {
				ASSETCATALOG_COMPILER_APPICON_NAME = AppIcon;
				INFOPLIST_FILE = PleaseBaoMe/Info.plist;
				LD_RUNPATH_SEARCH_PATHS = "$(inherited) @executable_path/Frameworks";
				PRODUCT_NAME = "$(TARGET_NAME)";
			};
			name = Debug;
		};
		9601EA0D1B4BBE8D003F6834 /* Release */ = {
			isa = XCBuildConfiguration;
			baseConfigurationReference = 3F24829C05E2713482CF663C /* Pods-PleaseBaoMe.release.xcconfig */;
			buildSettings = {
				ASSETCATALOG_COMPILER_APPICON_NAME = AppIcon;
				INFOPLIST_FILE = PleaseBaoMe/Info.plist;
				LD_RUNPATH_SEARCH_PATHS = "$(inherited) @executable_path/Frameworks";
				PRODUCT_NAME = "$(TARGET_NAME)";
			};
			name = Release;
		};
/* End XCBuildConfiguration section */

/* Begin XCConfigurationList section */
		9601E9E31B4BBE8D003F6834 /* Build configuration list for PBXProject "PleaseBaoMe" */ = {
			isa = XCConfigurationList;
			buildConfigurations = (
				9601EA091B4BBE8D003F6834 /* Debug */,
				9601EA0A1B4BBE8D003F6834 /* Release */,
			);
			defaultConfigurationIsVisible = 0;
			defaultConfigurationName = Release;
		};
		9601EA0B1B4BBE8D003F6834 /* Build configuration list for PBXNativeTarget "PleaseBaoMe" */ = {
			isa = XCConfigurationList;
			buildConfigurations = (
				9601EA0C1B4BBE8D003F6834 /* Debug */,
				9601EA0D1B4BBE8D003F6834 /* Release */,
			);
			defaultConfigurationIsVisible = 0;
			defaultConfigurationName = Release;
		};
/* End XCConfigurationList section */
	};
	rootObject = 9601E9E01B4BBE8D003F6834 /* Project object */;
}
